
Microsoft Visual Studio Solution File, Format Version 12.00
# Visual Studio Version 17
VisualStudioVersion = 17.8.34525.116
MinimumVisualStudioVersion = 10.0.40219.1
Project("{FAE04EC0-301F-11D3-BF4B-00C04F79EFBC}") = "week8epicgame", "week8epicgame\week8epicgame.csproj", "{3558A532-891F-4BE8-ABF9-4B62F6688EFC}"
EndProject
Global
	GlobalSection(SolutionConfigurationPlatforms) = preSolution
		Debug|Any CPU = Debug|Any CPU
		Release|Any CPU = Release|Any CPU
	EndGlobalSection
	GlobalSection(ProjectConfigurationPlatforms) = postSolution
		{3558A532-891F-4BE8-ABF9-4B62F6688EFC}.Debug|Any CPU.ActiveCfg = Debug|Any CPU
		{3558A532-891F-4BE8-ABF9-4B62F6688EFC}.Debug|Any CPU.Build.0 = Debug|Any CPU
		{3558A532-891F-4BE8-ABF9-4B62F6688EFC}.Release|Any CPU.ActiveCfg = Release|Any CPU
		{3558A532-891F-4BE8-ABF9-4B62F6688EFC}.Release|Any CPU.Build.0 = Release|Any CPU
	EndGlobalSection
	GlobalSection(SolutionProperties) = preSolution
		HideSolutionNode = FALSE
	EndGlobalSection
	GlobalSection(ExtensibilityGlobals) = postSolution
		SolutionGuid = {B1DDD52F-1C84-4959-82FC-DAC166234A07}
	EndGlobalSection
EndGlobal
